// !$*UTF8*$!
{
	archiveVersion = 1;
	classes = {
	};
	objectVersion = 56;
	objects = {

/* Begin PBXBuildFile section */
		E302AC6C2A73724900EE70A8 /* asm1_iosApp.swift in Sources */ = {isa = PBXBuildFile; fileRef = E302AC6B2A73724900EE70A8 /* asm1_iosApp.swift */; };
		E302AC6E2A73724900EE70A8 /* ContentView.swift in Sources */ = {isa = PBXBuildFile; fileRef = E302AC6D2A73724900EE70A8 /* ContentView.swift */; };
		E302AC702A73724B00EE70A8 /* Assets.xcassets in Resources */ = {isa = PBXBuildFile; fileRef = E302AC6F2A73724B00EE70A8 /* Assets.xcassets */; };
		E302AC742A73724B00EE70A8 /* Preview Assets.xcassets in Resources */ = {isa = PBXBuildFile; fileRef = E302AC732A73724B00EE70A8 /* Preview Assets.xcassets */; };
		E302AC7E2A73724B00EE70A8 /* asm1_iosTests.swift in Sources */ = {isa = PBXBuildFile; fileRef = E302AC7D2A73724B00EE70A8 /* asm1_iosTests.swift */; };
		E302AC882A73724B00EE70A8 /* asm1_iosUITests.swift in Sources */ = {isa = PBXBuildFile; fileRef = E302AC872A73724B00EE70A8 /* asm1_iosUITests.swift */; };
		E302AC8A2A73724B00EE70A8 /* asm1_iosUITestsLaunchTests.swift in Sources */ = {isa = PBXBuildFile; fileRef = E302AC892A73724B00EE70A8 /* asm1_iosUITestsLaunchTests.swift */; };
		E302AC972A7372BB00EE70A8 /* NavigationView.swift in Sources */ = {isa = PBXBuildFile; fileRef = E302AC962A7372BB00EE70A8 /* NavigationView.swift */; };
		E302AC9B2A7375A000EE70A8 /* DetailViewCard.swift in Sources */ = {isa = PBXBuildFile; fileRef = E302AC9A2A7375A000EE70A8 /* DetailViewCard.swift */; };
		E302ACA32A7379FC00EE70A8 /* locationItem.swift in Sources */ = {isa = PBXBuildFile; fileRef = E302ACA22A7379FC00EE70A8 /* locationItem.swift */; };
		E302ACA52A737A8C00EE70A8 /* locationRow.swift in Sources */ = {isa = PBXBuildFile; fileRef = E302ACA42A737A8C00EE70A8 /* locationRow.swift */; };
		E302ACA72A737B5B00EE70A8 /* locationData.swift in Sources */ = {isa = PBXBuildFile; fileRef = E302ACA62A737B5B00EE70A8 /* locationData.swift */; };
		E302ACAB2A73976A00EE70A8 /* data.json in Resources */ = {isa = PBXBuildFile; fileRef = E302ACAA2A73976A00EE70A8 /* data.json */; };
		E302ACAF2A73A3B900EE70A8 /* MapView.swift in Sources */ = {isa = PBXBuildFile; fileRef = E302ACAE2A73A3B900EE70A8 /* MapView.swift */; };
		E3267CDD2A77B2CB00EA7F5D /* FindView.swift in Sources */ = {isa = PBXBuildFile; fileRef = E3267CDC2A77B2CB00EA7F5D /* FindView.swift */; };
		E3267CDF2A77CC0800EA7F5D /* NavigationBar.swift in Sources */ = {isa = PBXBuildFile; fileRef = E3267CDE2A77CC0800EA7F5D /* NavigationBar.swift */; };
		E3F832B62A78C57B00B62D97 /* WelcomeView.swift in Sources */ = {isa = PBXBuildFile; fileRef = E3F832B52A78C57B00B62D97 /* WelcomeView.swift */; };
/* End PBXBuildFile section */

/* Begin PBXContainerItemProxy section */
		E302AC7A2A73724B00EE70A8 /* PBXContainerItemProxy */ = {
			isa = PBXContainerItemProxy;
			containerPortal = E302AC602A73724900EE70A8 /* Project object */;
			proxyType = 1;
			remoteGlobalIDString = E302AC672A73724900EE70A8;
			remoteInfo = asm1_ios;
		};
		E302AC842A73724B00EE70A8 /* PBXContainerItemProxy */ = {
			isa = PBXContainerItemProxy;
			containerPortal = E302AC602A73724900EE70A8 /* Project object */;
			proxyType = 1;
			remoteGlobalIDString = E302AC672A73724900EE70A8;
			remoteInfo = asm1_ios;
		};
/* End PBXContainerItemProxy section */

/* Begin PBXFileReference section */
		E302AC682A73724900EE70A8 /* asm1_ios.app */ = {isa = PBXFileReference; explicitFileType = wrapper.application; includeInIndex = 0; path = asm1_ios.app; sourceTree = BUILT_PRODUCTS_DIR; };
		E302AC6B2A73724900EE70A8 /* asm1_iosApp.swift */ = {isa = PBXFileReference; lastKnownFileType = sourcecode.swift; path = asm1_iosApp.swift; sourceTree = "<group>"; };
		E302AC6D2A73724900EE70A8 /* ContentView.swift */ = {isa = PBXFileReference; lastKnownFileType = sourcecode.swift; path = ContentView.swift; sourceTree = "<group>"; };
		E302AC6F2A73724B00EE70A8 /* Assets.xcassets */ = {isa = PBXFileReference; lastKnownFileType = folder.assetcatalog; path = Assets.xcassets; sourceTree = "<group>"; };
		E302AC712A73724B00EE70A8 /* asm1_ios.entitlements */ = {isa = PBXFileReference; lastKnownFileType = text.plist.entitlements; path = asm1_ios.entitlements; sourceTree = "<group>"; };
		E302AC732A73724B00EE70A8 /* Preview Assets.xcassets */ = {isa = PBXFileReference; lastKnownFileType = folder.assetcatalog; path = "Preview Assets.xcassets"; sourceTree = "<group>"; };
		E302AC792A73724B00EE70A8 /* asm1_iosTests.xctest */ = {isa = PBXFileReference; explicitFileType = wrapper.cfbundle; includeInIndex = 0; path = asm1_iosTests.xctest; sourceTree = BUILT_PRODUCTS_DIR; };
		E302AC7D2A73724B00EE70A8 /* asm1_iosTests.swift */ = {isa = PBXFileReference; lastKnownFileType = sourcecode.swift; path = asm1_iosTests.swift; sourceTree = "<group>"; };
		E302AC832A73724B00EE70A8 /* asm1_iosUITests.xctest */ = {isa = PBXFileReference; explicitFileType = wrapper.cfbundle; includeInIndex = 0; path = asm1_iosUITests.xctest; sourceTree = BUILT_PRODUCTS_DIR; };
		E302AC872A73724B00EE70A8 /* asm1_iosUITests.swift */ = {isa = PBXFileReference; lastKnownFileType = sourcecode.swift; path = asm1_iosUITests.swift; sourceTree = "<group>"; };
		E302AC892A73724B00EE70A8 /* asm1_iosUITestsLaunchTests.swift */ = {isa = PBXFileReference; lastKnownFileType = sourcecode.swift; path = asm1_iosUITestsLaunchTests.swift; sourceTree = "<group>"; };
		E302AC962A7372BB00EE70A8 /* NavigationView.swift */ = {isa = PBXFileReference; lastKnownFileType = sourcecode.swift; path = NavigationView.swift; sourceTree = "<group>"; };
		E302AC9A2A7375A000EE70A8 /* DetailViewCard.swift */ = {isa = PBXFileReference; lastKnownFileType = sourcecode.swift; path = DetailViewCard.swift; sourceTree = "<group>"; };
		E302ACA22A7379FC00EE70A8 /* locationItem.swift */ = {isa = PBXFileReference; lastKnownFileType = sourcecode.swift; path = locationItem.swift; sourceTree = "<group>"; };
		E302ACA42A737A8C00EE70A8 /* locationRow.swift */ = {isa = PBXFileReference; lastKnownFileType = sourcecode.swift; path = locationRow.swift; sourceTree = "<group>"; };
		E302ACA62A737B5B00EE70A8 /* locationData.swift */ = {isa = PBXFileReference; lastKnownFileType = sourcecode.swift; path = locationData.swift; sourceTree = "<group>"; };
		E302ACAA2A73976A00EE70A8 /* data.json */ = {isa = PBXFileReference; fileEncoding = 4; lastKnownFileType = text.json; path = data.json; sourceTree = "<group>"; };
		E302ACAE2A73A3B900EE70A8 /* MapView.swift */ = {isa = PBXFileReference; lastKnownFileType = sourcecode.swift; path = MapView.swift; sourceTree = "<group>"; };
		E3267CDC2A77B2CB00EA7F5D /* FindView.swift */ = {isa = PBXFileReference; lastKnownFileType = sourcecode.swift; path = FindView.swift; sourceTree = "<group>"; };
		E3267CDE2A77CC0800EA7F5D /* NavigationBar.swift */ = {isa = PBXFileReference; lastKnownFileType = sourcecode.swift; path = NavigationBar.swift; sourceTree = "<group>"; };
		E3F832B52A78C57B00B62D97 /* WelcomeView.swift */ = {isa = PBXFileReference; lastKnownFileType = sourcecode.swift; path = WelcomeView.swift; sourceTree = "<group>"; };
/* End PBXFileReference section */

/* Begin PBXFrameworksBuildPhase section */
		E302AC652A73724900EE70A8 /* Frameworks */ = {
			isa = PBXFrameworksBuildPhase;
			buildActionMask = 2147483647;
			files = (
			);
			runOnlyForDeploymentPostprocessing = 0;
		};
		E302AC762A73724B00EE70A8 /* Frameworks */ = {
			isa = PBXFrameworksBuildPhase;
			buildActionMask = 2147483647;
			files = (
			);
			runOnlyForDeploymentPostprocessing = 0;
		};
		E302AC802A73724B00EE70A8 /* Frameworks */ = {
			isa = PBXFrameworksBuildPhase;
			buildActionMask = 2147483647;
			files = (
			);
			runOnlyForDeploymentPostprocessing = 0;
		};
/* End PBXFrameworksBuildPhase section */

/* Begin PBXGroup section */
		E302AC5F2A73724900EE70A8 = {
			isa = PBXGroup;
			children = (
				E302AC6A2A73724900EE70A8 /* asm1_ios */,
				E302AC7C2A73724B00EE70A8 /* asm1_iosTests */,
				E302AC862A73724B00EE70A8 /* asm1_iosUITests */,
				E302AC692A73724900EE70A8 /* Products */,
			);
			sourceTree = "<group>";
		};
		E302AC692A73724900EE70A8 /* Products */ = {
			isa = PBXGroup;
			children = (
				E302AC682A73724900EE70A8 /* asm1_ios.app */,
				E302AC792A73724B00EE70A8 /* asm1_iosTests.xctest */,
				E302AC832A73724B00EE70A8 /* asm1_iosUITests.xctest */,
			);
			name = Products;
			sourceTree = "<group>";
		};
		E302AC6A2A73724900EE70A8 /* asm1_ios */ = {
			isa = PBXGroup;
			children = (
				E302ACAA2A73976A00EE70A8 /* data.json */,
				E302ACA92A73864C00EE70A8 /* View */,
				E302ACA82A73862900EE70A8 /* Model */,
				E302AC6B2A73724900EE70A8 /* asm1_iosApp.swift */,
				E302AC6D2A73724900EE70A8 /* ContentView.swift */,
				E302AC6F2A73724B00EE70A8 /* Assets.xcassets */,
				E302AC712A73724B00EE70A8 /* asm1_ios.entitlements */,
				E302AC722A73724B00EE70A8 /* Preview Content */,
			);
			path = asm1_ios;
			sourceTree = "<group>";
		};
		E302AC722A73724B00EE70A8 /* Preview Content */ = {
			isa = PBXGroup;
			children = (
				E302AC732A73724B00EE70A8 /* Preview Assets.xcassets */,
			);
			path = "Preview Content";
			sourceTree = "<group>";
		};
		E302AC7C2A73724B00EE70A8 /* asm1_iosTests */ = {
			isa = PBXGroup;
			children = (
				E302AC7D2A73724B00EE70A8 /* asm1_iosTests.swift */,
			);
			path = asm1_iosTests;
			sourceTree = "<group>";
		};
		E302AC862A73724B00EE70A8 /* asm1_iosUITests */ = {
			isa = PBXGroup;
			children = (
				E302AC872A73724B00EE70A8 /* asm1_iosUITests.swift */,
				E302AC892A73724B00EE70A8 /* asm1_iosUITestsLaunchTests.swift */,
			);
			path = asm1_iosUITests;
			sourceTree = "<group>";
		};
		E302ACA82A73862900EE70A8 /* Model */ = {
			isa = PBXGroup;
			children = (
				E302ACA62A737B5B00EE70A8 /* locationData.swift */,
				E302ACA42A737A8C00EE70A8 /* locationRow.swift */,
				E302ACA22A7379FC00EE70A8 /* locationItem.swift */,
			);
			path = Model;
			sourceTree = "<group>";
		};
		E302ACA92A73864C00EE70A8 /* View */ = {
			isa = PBXGroup;
			children = (
				E302AC962A7372BB00EE70A8 /* NavigationView.swift */,
				E302AC9A2A7375A000EE70A8 /* DetailViewCard.swift */,
				E302ACAE2A73A3B900EE70A8 /* MapView.swift */,
				E3267CDC2A77B2CB00EA7F5D /* FindView.swift */,
				E3267CDE2A77CC0800EA7F5D /* NavigationBar.swift */,
				E3F832B52A78C57B00B62D97 /* WelcomeView.swift */,
			);
			path = View;
			sourceTree = "<group>";
		};
/* End PBXGroup section */

/* Begin PBXNativeTarget section */
		E302AC672A73724900EE70A8 /* asm1_ios */ = {
			isa = PBXNativeTarget;
			buildConfigurationList = E302AC8D2A73724B00EE70A8 /* Build configuration list for PBXNativeTarget "asm1_ios" */;
			buildPhases = (
				E302AC642A73724900EE70A8 /* Sources */,
				E302AC652A73724900EE70A8 /* Frameworks */,
				E302AC662A73724900EE70A8 /* Resources */,
			);
			buildRules = (
			);
			dependencies = (
			);
			name = asm1_ios;
			productName = asm1_ios;
			productReference = E302AC682A73724900EE70A8 /* asm1_ios.app */;
			productType = "com.apple.product-type.application";
		};
		E302AC782A73724B00EE70A8 /* asm1_iosTests */ = {
			isa = PBXNativeTarget;
			buildConfigurationList = E302AC902A73724B00EE70A8 /* Build configuration list for PBXNativeTarget "asm1_iosTests" */;
			buildPhases = (
				E302AC752A73724B00EE70A8 /* Sources */,
				E302AC762A73724B00EE70A8 /* Frameworks */,
				E302AC772A73724B00EE70A8 /* Resources */,
			);
			buildRules = (
			);
			dependencies = (
				E302AC7B2A73724B00EE70A8 /* PBXTargetDependency */,
			);
			name = asm1_iosTests;
			productName = asm1_iosTests;
			productReference = E302AC792A73724B00EE70A8 /* asm1_iosTests.xctest */;
			productType = "com.apple.product-type.bundle.unit-test";
		};
		E302AC822A73724B00EE70A8 /* asm1_iosUITests */ = {
			isa = PBXNativeTarget;
			buildConfigurationList = E302AC932A73724B00EE70A8 /* Build configuration list for PBXNativeTarget "asm1_iosUITests" */;
			buildPhases = (
				E302AC7F2A73724B00EE70A8 /* Sources */,
				E302AC802A73724B00EE70A8 /* Frameworks */,
				E302AC812A73724B00EE70A8 /* Resources */,
			);
			buildRules = (
			);
			dependencies = (
				E302AC852A73724B00EE70A8 /* PBXTargetDependency */,
			);
			name = asm1_iosUITests;
			productName = asm1_iosUITests;
			productReference = E302AC832A73724B00EE70A8 /* asm1_iosUITests.xctest */;
			productType = "com.apple.product-type.bundle.ui-testing";
		};
/* End PBXNativeTarget section */

/* Begin PBXProject section */
		E302AC602A73724900EE70A8 /* Project object */ = {
			isa = PBXProject;
			attributes = {
				BuildIndependentTargetsInParallel = 1;
				LastSwiftUpdateCheck = 1430;
				LastUpgradeCheck = 1430;
				TargetAttributes = {
					E302AC672A73724900EE70A8 = {
						CreatedOnToolsVersion = 14.3.1;
					};
					E302AC782A73724B00EE70A8 = {
						CreatedOnToolsVersion = 14.3.1;
						TestTargetID = E302AC672A73724900EE70A8;
					};
					E302AC822A73724B00EE70A8 = {
						CreatedOnToolsVersion = 14.3.1;
						TestTargetID = E302AC672A73724900EE70A8;
					};
				};
			};
			buildConfigurationList = E302AC632A73724900EE70A8 /* Build configuration list for PBXProject "asm1_ios" */;
			compatibilityVersion = "Xcode 14.0";
			developmentRegion = en;
			hasScannedForEncodings = 0;
			knownRegions = (
				en,
				Base,
			);
			mainGroup = E302AC5F2A73724900EE70A8;
			productRefGroup = E302AC692A73724900EE70A8 /* Products */;
			projectDirPath = "";
			projectRoot = "";
			targets = (
				E302AC672A73724900EE70A8 /* asm1_ios */,
				E302AC782A73724B00EE70A8 /* asm1_iosTests */,
				E302AC822A73724B00EE70A8 /* asm1_iosUITests */,
			);
		};
/* End PBXProject section */

/* Begin PBXResourcesBuildPhase section */
		E302AC662A73724900EE70A8 /* Resources */ = {
			isa = PBXResourcesBuildPhase;
			buildActionMask = 2147483647;
			files = (
				E302AC742A73724B00EE70A8 /* Preview Assets.xcassets in Resources */,
				E302ACAB2A73976A00EE70A8 /* data.json in Resources */,
				E302AC702A73724B00EE70A8 /* Assets.xcassets in Resources */,
			);
			runOnlyForDeploymentPostprocessing = 0;
		};
		E302AC772A73724B00EE70A8 /* Resources */ = {
			isa = PBXResourcesBuildPhase;
			buildActionMask = 2147483647;
			files = (
			);
			runOnlyForDeploymentPostprocessing = 0;
		};
		E302AC812A73724B00EE70A8 /* Resources */ = {
			isa = PBXResourcesBuildPhase;
			buildActionMask = 2147483647;
			files = (
			);
			runOnlyForDeploymentPostprocessing = 0;
		};
/* End PBXResourcesBuildPhase section */

/* Begin PBXSourcesBuildPhase section */
		E302AC642A73724900EE70A8 /* Sources */ = {
			isa = PBXSourcesBuildPhase;
			buildActionMask = 2147483647;
			files = (
				E302AC6E2A73724900EE70A8 /* ContentView.swift in Sources */,
				E302ACAF2A73A3B900EE70A8 /* MapView.swift in Sources */,
				E302AC972A7372BB00EE70A8 /* NavigationView.swift in Sources */,
				E302ACA32A7379FC00EE70A8 /* locationItem.swift in Sources */,
				E302ACA52A737A8C00EE70A8 /* locationRow.swift in Sources */,
				E3267CDF2A77CC0800EA7F5D /* NavigationBar.swift in Sources */,
				E3F832B62A78C57B00B62D97 /* WelcomeView.swift in Sources */,
				E3267CDD2A77B2CB00EA7F5D /* FindView.swift in Sources */,
				E302AC6C2A73724900EE70A8 /* asm1_iosApp.swift in Sources */,
				E302AC9B2A7375A000EE70A8 /* DetailViewCard.swift in Sources */,
				E302ACA72A737B5B00EE70A8 /* locationData.swift in Sources */,
			);
			runOnlyForDeploymentPostprocessing = 0;
		};
		E302AC752A73724B00EE70A8 /* Sources */ = {
			isa = PBXSourcesBuildPhase;
			buildActionMask = 2147483647;
			files = (
				E302AC7E2A73724B00EE70A8 /* asm1_iosTests.swift in Sources */,
			);
			runOnlyForDeploymentPostprocessing = 0;
		};
		E302AC7F2A73724B00EE70A8 /* Sources */ = {
			isa = PBXSourcesBuildPhase;
			buildActionMask = 2147483647;
			files = (
				E302AC8A2A73724B00EE70A8 /* asm1_iosUITestsLaunchTests.swift in Sources */,
				E302AC882A73724B00EE70A8 /* asm1_iosUITests.swift in Sources */,
			);
			runOnlyForDeploymentPostprocessing = 0;
		};
/* End PBXSourcesBuildPhase section */

/* Begin PBXTargetDependency section */
		E302AC7B2A73724B00EE70A8 /* PBXTargetDependency */ = {
			isa = PBXTargetDependency;
			target = E302AC672A73724900EE70A8 /* asm1_ios */;
			targetProxy = E302AC7A2A73724B00EE70A8 /* PBXContainerItemProxy */;
		};
		E302AC852A73724B00EE70A8 /* PBXTargetDependency */ = {
			isa = PBXTargetDependency;
			target = E302AC672A73724900EE70A8 /* asm1_ios */;
			targetProxy = E302AC842A73724B00EE70A8 /* PBXContainerItemProxy */;
		};
/* End PBXTargetDependency section */

/* Begin XCBuildConfiguration section */
		E302AC8B2A73724B00EE70A8 /* Debug */ = {
			isa = XCBuildConfiguration;
			buildSettings = {
				ALWAYS_SEARCH_USER_PATHS = NO;
				CLANG_ANALYZER_NONNULL = YES;
				CLANG_ANALYZER_NUMBER_OBJECT_CONVERSION = YES_AGGRESSIVE;
				CLANG_CXX_LANGUAGE_STANDARD = "gnu++20";
				CLANG_ENABLE_MODULES = YES;
				CLANG_ENABLE_OBJC_ARC = YES;
				CLANG_ENABLE_OBJC_WEAK = YES;
				CLANG_WARN_BLOCK_CAPTURE_AUTORELEASING = YES;
				CLANG_WARN_BOOL_CONVERSION = YES;
				CLANG_WARN_COMMA = YES;
				CLANG_WARN_CONSTANT_CONVERSION = YES;
				CLANG_WARN_DEPRECATED_OBJC_IMPLEMENTATIONS = YES;
				CLANG_WARN_DIRECT_OBJC_ISA_USAGE = YES_ERROR;
				CLANG_WARN_DOCUMENTATION_COMMENTS = YES;
				CLANG_WARN_EMPTY_BODY = YES;
				CLANG_WARN_ENUM_CONVERSION = YES;
				CLANG_WARN_INFINITE_RECURSION = YES;
				CLANG_WARN_INT_CONVERSION = YES;
				CLANG_WARN_NON_LITERAL_NULL_CONVERSION = YES;
				CLANG_WARN_OBJC_IMPLICIT_RETAIN_SELF = YES;
				CLANG_WARN_OBJC_LITERAL_CONVERSION = YES;
				CLANG_WARN_OBJC_ROOT_CLASS = YES_ERROR;
				CLANG_WARN_QUOTED_INCLUDE_IN_FRAMEWORK_HEADER = YES;
				CLANG_WARN_RANGE_LOOP_ANALYSIS = YES;
				CLANG_WARN_STRICT_PROTOTYPES = YES;
				CLANG_WARN_SUSPICIOUS_MOVE = YES;
				CLANG_WARN_UNGUARDED_AVAILABILITY = YES_AGGRESSIVE;
				CLANG_WARN_UNREACHABLE_CODE = YES;
				CLANG_WARN__DUPLICATE_METHOD_MATCH = YES;
				COPY_PHASE_STRIP = NO;
				DEBUG_INFORMATION_FORMAT = dwarf;
				ENABLE_STRICT_OBJC_MSGSEND = YES;
				ENABLE_TESTABILITY = YES;
				GCC_C_LANGUAGE_STANDARD = gnu11;
				GCC_DYNAMIC_NO_PIC = NO;
				GCC_NO_COMMON_BLOCKS = YES;
				GCC_OPTIMIZATION_LEVEL = 0;
				GCC_PREPROCESSOR_DEFINITIONS = (
					"DEBUG=1",
					"$(inherited)",
				);
				GCC_WARN_64_TO_32_BIT_CONVERSION = YES;
				GCC_WARN_ABOUT_RETURN_TYPE = YES_ERROR;
				GCC_WARN_UNDECLARED_SELECTOR = YES;
				GCC_WARN_UNINITIALIZED_AUTOS = YES_AGGRESSIVE;
				GCC_WARN_UNUSED_FUNCTION = YES;
				GCC_WARN_UNUSED_VARIABLE = YES;
				MTL_ENABLE_DEBUG_INFO = INCLUDE_SOURCE;
				MTL_FAST_MATH = YES;
				ONLY_ACTIVE_ARCH = YES;
				SWIFT_ACTIVE_COMPILATION_CONDITIONS = DEBUG;
				SWIFT_OPTIMIZATION_LEVEL = "-Onone";
			};
			name = Debug;
		};
		E302AC8C2A73724B00EE70A8 /* Release */ = {
			isa = XCBuildConfiguration;
			buildSettings = {
				ALWAYS_SEARCH_USER_PATHS = NO;
				CLANG_ANALYZER_NONNULL = YES;
				CLANG_ANALYZER_NUMBER_OBJECT_CONVERSION = YES_AGGRESSIVE;
				CLANG_CXX_LANGUAGE_STANDARD = "gnu++20";
				CLANG_ENABLE_MODULES = YES;
				CLANG_ENABLE_OBJC_ARC = YES;
				CLANG_ENABLE_OBJC_WEAK = YES;
				CLANG_WARN_BLOCK_CAPTURE_AUTORELEASING = YES;
				CLANG_WARN_BOOL_CONVERSION = YES;
				CLANG_WARN_COMMA = YES;
				CLANG_WARN_CONSTANT_CONVERSION = YES;
				CLANG_WARN_DEPRECATED_OBJC_IMPLEMENTATIONS = YES;
				CLANG_WARN_DIRECT_OBJC_ISA_USAGE = YES_ERROR;
				CLANG_WARN_DOCUMENTATION_COMMENTS = YES;
				CLANG_WARN_EMPTY_BODY = YES;
				CLANG_WARN_ENUM_CONVERSION = YES;
				CLANG_WARN_INFINITE_RECURSION = YES;
				CLANG_WARN_INT_CONVERSION = YES;
				CLANG_WARN_NON_LITERAL_NULL_CONVERSION = YES;
				CLANG_WARN_OBJC_IMPLICIT_RETAIN_SELF = YES;
				CLANG_WARN_OBJC_LITERAL_CONVERSION = YES;
				CLANG_WARN_OBJC_ROOT_CLASS = YES_ERROR;
				CLANG_WARN_QUOTED_INCLUDE_IN_FRAMEWORK_HEADER = YES;
				CLANG_WARN_RANGE_LOOP_ANALYSIS = YES;
				CLANG_WARN_STRICT_PROTOTYPES = YES;
				CLANG_WARN_SUSPICIOUS_MOVE = YES;
				CLANG_WARN_UNGUARDED_AVAILABILITY = YES_AGGRESSIVE;
				CLANG_WARN_UNREACHABLE_CODE = YES;
				CLANG_WARN__DUPLICATE_METHOD_MATCH = YES;
				COPY_PHASE_STRIP = NO;
				DEBUG_INFORMATION_FORMAT = "dwarf-with-dsym";
				ENABLE_NS_ASSERTIONS = NO;
				ENABLE_STRICT_OBJC_MSGSEND = YES;
				GCC_C_LANGUAGE_STANDARD = gnu11;
				GCC_NO_COMMON_BLOCKS = YES;
				GCC_WARN_64_TO_32_BIT_CONVERSION = YES;
				GCC_WARN_ABOUT_RETURN_TYPE = YES_ERROR;
				GCC_WARN_UNDECLARED_SELECTOR = YES;
				GCC_WARN_UNINITIALIZED_AUTOS = YES_AGGRESSIVE;
				GCC_WARN_UNUSED_FUNCTION = YES;
				GCC_WARN_UNUSED_VARIABLE = YES;
				MTL_ENABLE_DEBUG_INFO = NO;
				MTL_FAST_MATH = YES;
				SWIFT_COMPILATION_MODE = wholemodule;
				SWIFT_OPTIMIZATION_LEVEL = "-O";
			};
			name = Release;
		};
		E302AC8E2A73724B00EE70A8 /* Debug */ = {
			isa = XCBuildConfiguration;
			buildSettings = {
				ASSETCATALOG_COMPILER_APPICON_NAME = AppIcon;
				ASSETCATALOG_COMPILER_GLOBAL_ACCENT_COLOR_NAME = AccentColor;
				CODE_SIGN_ENTITLEMENTS = asm1_ios/asm1_ios.entitlements;
				CODE_SIGN_STYLE = Automatic;
				CURRENT_PROJECT_VERSION = 1;
				DEVELOPMENT_ASSET_PATHS = "\"asm1_ios/Preview Content\"";
				ENABLE_PREVIEWS = YES;
				GENERATE_INFOPLIST_FILE = YES;
				"INFOPLIST_KEY_UIApplicationSceneManifest_Generation[sdk=iphoneos*]" = YES;
				"INFOPLIST_KEY_UIApplicationSceneManifest_Generation[sdk=iphonesimulator*]" = YES;
				"INFOPLIST_KEY_UIApplicationSupportsIndirectInputEvents[sdk=iphoneos*]" = YES;
				"INFOPLIST_KEY_UIApplicationSupportsIndirectInputEvents[sdk=iphonesimulator*]" = YES;
				"INFOPLIST_KEY_UILaunchScreen_Generation[sdk=iphoneos*]" = YES;
				"INFOPLIST_KEY_UILaunchScreen_Generation[sdk=iphonesimulator*]" = YES;
				"INFOPLIST_KEY_UIStatusBarStyle[sdk=iphoneos*]" = UIStatusBarStyleDefault;
				"INFOPLIST_KEY_UIStatusBarStyle[sdk=iphonesimulator*]" = UIStatusBarStyleDefault;
				INFOPLIST_KEY_UISupportedInterfaceOrientations_iPad = "UIInterfaceOrientationPortrait UIInterfaceOrientationPortraitUpsideDown UIInterfaceOrientationLandscapeLeft UIInterfaceOrientationLandscapeRight";
				INFOPLIST_KEY_UISupportedInterfaceOrientations_iPhone = "UIInterfaceOrientationPortrait UIInterfaceOrientationLandscapeLeft UIInterfaceOrientationLandscapeRight";
				IPHONEOS_DEPLOYMENT_TARGET = 16.4;
				LD_RUNPATH_SEARCH_PATHS = "@executable_path/Frameworks";
				"LD_RUNPATH_SEARCH_PATHS[sdk=macosx*]" = "@executable_path/../Frameworks";
				MACOSX_DEPLOYMENT_TARGET = 13.3;
				MARKETING_VERSION = 1.0;
				PRODUCT_BUNDLE_IDENTIFIER = "andeptrai.asm1-ios";
				PRODUCT_NAME = "$(TARGET_NAME)";
				SDKROOT = auto;
				SUPPORTED_PLATFORMS = "iphoneos iphonesimulator macosx";
				SWIFT_EMIT_LOC_STRINGS = YES;
				SWIFT_VERSION = 5.0;
				TARGETED_DEVICE_FAMILY = "1,2";
			};
			name = Debug;
		};
		E302AC8F2A73724B00EE70A8 /* Release */ = {
			isa = XCBuildConfiguration;
			buildSettings = {
				ASSETCATALOG_COMPILER_APPICON_NAME = AppIcon;
				ASSETCATALOG_COMPILER_GLOBAL_ACCENT_COLOR_NAME = AccentColor;
				CODE_SIGN_ENTITLEMENTS = asm1_ios/asm1_ios.entitlements;
				CODE_SIGN_STYLE = Automatic;
				CURRENT_PROJECT_VERSION = 1;
				DEVELOPMENT_ASSET_PATHS = "\"asm1_ios/Preview Content\"";
				ENABLE_PREVIEWS = YES;
				GENERATE_INFOPLIST_FILE = YES;
				"INFOPLIST_KEY_UIApplicationSceneManifest_Generation[sdk=iphoneos*]" = YES;
				"INFOPLIST_KEY_UIApplicationSceneManifest_Generation[sdk=iphonesimulator*]" = YES;
				"INFOPLIST_KEY_UIApplicationSupportsIndirectInputEvents[sdk=iphoneos*]" = YES;
				"INFOPLIST_KEY_UIApplicationSupportsIndirectInputEvents[sdk=iphonesimulator*]" = YES;
				"INFOPLIST_KEY_UILaunchScreen_Generation[sdk=iphoneos*]" = YES;
				"INFOPLIST_KEY_UILaunchScreen_Generation[sdk=iphonesimulator*]" = YES;
				"INFOPLIST_KEY_UIStatusBarStyle[sdk=iphoneos*]" = UIStatusBarStyleDefault;
				"INFOPLIST_KEY_UIStatusBarStyle[sdk=iphonesimulator*]" = UIStatusBarStyleDefault;
				INFOPLIST_KEY_UISupportedInterfaceOrientations_iPad = "UIInterfaceOrientationPortrait UIInterfaceOrientationPortraitUpsideDown UIInterfaceOrientationLandscapeLeft UIInterfaceOrientationLandscapeRight";
				INFOPLIST_KEY_UISupportedInterfaceOrientations_iPhone = "UIInterfaceOrientationPortrait UIInterfaceOrientationLandscapeLeft UIInterfaceOrientationLandscapeRight";
				IPHONEOS_DEPLOYMENT_TARGET = 16.4;
				LD_RUNPATH_SEARCH_PATHS = "@executable_path/Frameworks";
				"LD_RUNPATH_SEARCH_PATHS[sdk=macosx*]" = "@executable_path/../Frameworks";
				MACOSX_DEPLOYMENT_TARGET = 13.3;
				MARKETING_VERSION = 1.0;
				PRODUCT_BUNDLE_IDENTIFIER = "andeptrai.asm1-ios";
				PRODUCT_NAME = "$(TARGET_NAME)";
				SDKROOT = auto;
				SUPPORTED_PLATFORMS = "iphoneos iphonesimulator macosx";
				SWIFT_EMIT_LOC_STRINGS = YES;
				SWIFT_VERSION = 5.0;
				TARGETED_DEVICE_FAMILY = "1,2";
			};
			name = Release;
		};
		E302AC912A73724B00EE70A8 /* Debug */ = {
			isa = XCBuildConfiguration;
			buildSettings = {
				ALWAYS_EMBED_SWIFT_STANDARD_LIBRARIES = YES;
				BUNDLE_LOADER = "$(TEST_HOST)";
				CODE_SIGN_STYLE = Automatic;
				CURRENT_PROJECT_VERSION = 1;
				GENERATE_INFOPLIST_FILE = YES;
				IPHONEOS_DEPLOYMENT_TARGET = 16.4;
				MACOSX_DEPLOYMENT_TARGET = 13.3;
				MARKETING_VERSION = 1.0;
				PRODUCT_BUNDLE_IDENTIFIER = "andeptrai.asm1-iosTests";
				PRODUCT_NAME = "$(TARGET_NAME)";
				SDKROOT = auto;
				SUPPORTED_PLATFORMS = "iphoneos iphonesimulator macosx";
				SWIFT_EMIT_LOC_STRINGS = NO;
				SWIFT_VERSION = 5.0;
				TARGETED_DEVICE_FAMILY = "1,2";
				TEST_HOST = "$(BUILT_PRODUCTS_DIR)/asm1_ios.app/$(BUNDLE_EXECUTABLE_FOLDER_PATH)/asm1_ios";
			};
			name = Debug;
		};
		E302AC922A73724B00EE70A8 /* Release */ = {
			isa = XCBuildConfiguration;
			buildSettings = {
				ALWAYS_EMBED_SWIFT_STANDARD_LIBRARIES = YES;
				BUNDLE_LOADER = "$(TEST_HOST)";
				CODE_SIGN_STYLE = Automatic;
				CURRENT_PROJECT_VERSION = 1;
				GENERATE_INFOPLIST_FILE = YES;
				IPHONEOS_DEPLOYMENT_TARGET = 16.4;
				MACOSX_DEPLOYMENT_TARGET = 13.3;
				MARKETING_VERSION = 1.0;
				PRODUCT_BUNDLE_IDENTIFIER = "andeptrai.asm1-iosTests";
				PRODUCT_NAME = "$(TARGET_NAME)";
				SDKROOT = auto;
				SUPPORTED_PLATFORMS = "iphoneos iphonesimulator macosx";
				SWIFT_EMIT_LOC_STRINGS = NO;
				SWIFT_VERSION = 5.0;
				TARGETED_DEVICE_FAMILY = "1,2";
				TEST_HOST = "$(BUILT_PRODUCTS_DIR)/asm1_ios.app/$(BUNDLE_EXECUTABLE_FOLDER_PATH)/asm1_ios";
			};
			name = Release;
		};
		E302AC942A73724B00EE70A8 /* Debug */ = {
			isa = XCBuildConfiguration;
			buildSettings = {
				ALWAYS_EMBED_SWIFT_STANDARD_LIBRARIES = YES;
				CODE_SIGN_STYLE = Automatic;
				CURRENT_PROJECT_VERSION = 1;
				GENERATE_INFOPLIST_FILE = YES;
				IPHONEOS_DEPLOYMENT_TARGET = 16.4;
				MACOSX_DEPLOYMENT_TARGET = 13.3;
				MARKETING_VERSION = 1.0;
				PRODUCT_BUNDLE_IDENTIFIER = "andeptrai.asm1-iosUITests";
				PRODUCT_NAME = "$(TARGET_NAME)";
				SDKROOT = auto;
				SUPPORTED_PLATFORMS = "iphoneos iphonesimulator macosx";
				SWIFT_EMIT_LOC_STRINGS = NO;
				SWIFT_VERSION = 5.0;
				TARGETED_DEVICE_FAMILY = "1,2";
				TEST_TARGET_NAME = asm1_ios;
			};
			name = Debug;
		};
		E302AC952A73724B00EE70A8 /* Release */ = {
			isa = XCBuildConfiguration;
			buildSettings = {
				ALWAYS_EMBED_SWIFT_STANDARD_LIBRARIES = YES;
				CODE_SIGN_STYLE = Automatic;
				CURRENT_PROJECT_VERSION = 1;
				GENERATE_INFOPLIST_FILE = YES;
				IPHONEOS_DEPLOYMENT_TARGET = 16.4;
				MACOSX_DEPLOYMENT_TARGET = 13.3;
				MARKETING_VERSION = 1.0;
				PRODUCT_BUNDLE_IDENTIFIER = "andeptrai.asm1-iosUITests";
				PRODUCT_NAME = "$(TARGET_NAME)";
				SDKROOT = auto;
				SUPPORTED_PLATFORMS = "iphoneos iphonesimulator macosx";
				SWIFT_EMIT_LOC_STRINGS = NO;
				SWIFT_VERSION = 5.0;
				TARGETED_DEVICE_FAMILY = "1,2";
				TEST_TARGET_NAME = asm1_ios;
			};
			name = Release;
		};
/* End XCBuildConfiguration section */

/* Begin XCConfigurationList section */
		E302AC632A73724900EE70A8 /* Build configuration list for PBXProject "asm1_ios" */ = {
			isa = XCConfigurationList;
			buildConfigurations = (
				E302AC8B2A73724B00EE70A8 /* Debug */,
				E302AC8C2A73724B00EE70A8 /* Release */,
			);
			defaultConfigurationIsVisible = 0;
			defaultConfigurationName = Release;
		};
		E302AC8D2A73724B00EE70A8 /* Build configuration list for PBXNativeTarget "asm1_ios" */ = {
			isa = XCConfigurationList;
			buildConfigurations = (
				E302AC8E2A73724B00EE70A8 /* Debug */,
				E302AC8F2A73724B00EE70A8 /* Release */,
			);
			defaultConfigurationIsVisible = 0;
			defaultConfigurationName = Release;
		};
		E302AC902A73724B00EE70A8 /* Build configuration list for PBXNativeTarget "asm1_iosTests" */ = {
			isa = XCConfigurationList;
			buildConfigurations = (
				E302AC912A73724B00EE70A8 /* Debug */,
				E302AC922A73724B00EE70A8 /* Release */,
			);
			defaultConfigurationIsVisible = 0;
			defaultConfigurationName = Release;
		};
		E302AC932A73724B00EE70A8 /* Build configuration list for PBXNativeTarget "asm1_iosUITests" */ = {
			isa = XCConfigurationList;
			buildConfigurations = (
				E302AC942A73724B00EE70A8 /* Debug */,
				E302AC952A73724B00EE70A8 /* Release */,
			);
			defaultConfigurationIsVisible = 0;
			defaultConfigurationName = Release;
		};
/* End XCConfigurationList section */
	};
	rootObject = E302AC602A73724900EE70A8 /* Project object */;
}
